<?xml version="1.0" encoding="utf-8"?>
<Project ToolsVersion="4.0" xmlns="http://schemas.microsoft.com/developer/msbuild/2003">
  <ItemGroup>
    <ClCompile Include="GameObject.cpp" />
    <ClCompile Include="SnakeController.cpp" />
    <ClCompile Include="CubeController.cpp" />
    <ClCompile Include="StandardRotationController.cpp" />
    <ClCompile Include="GameObejct2D.cpp" />
    <ClCompile Include="DebugObject.cpp" />
  </ItemGroup>
  <ItemGroup>
    <ClInclude Include="GameObject.h" />
    <ClInclude Include="IGameObjectController.h" />
    <ClInclude Include="SnakeController.h" />
    <ClInclude Include="CubeController.h" />
    <ClInclude Include="StandardRotationController.h" />
    <ClInclude Include="GameObject2D.h" />
    <ClInclude Include="DebugObject.h" />
  </ItemGroup>
</Project>